
Microsoft Visual Studio Solution File, Format Version 12.00
Project("{FAE04EC0-301F-11D3-BF4B-00C04F79EFBC}") = "FirebotProxy.Api", "FirebotProxy.Api\FirebotProxy.Api.csproj", "{E8AD81CE-F9E3-4F33-AF7C-1C89676DFB97}"
EndProject
Project("{FAE04EC0-301F-11D3-BF4B-00C04F79EFBC}") = "FirebotProxy.Domain", "FirebotProxy.Domain\FirebotProxy.Domain.csproj", "{85581C06-F37B-4F12-B789-A1B37D8B1585}"
EndProject
Project("{FAE04EC0-301F-11D3-BF4B-00C04F79EFBC}") = "FirebotProxy.SecondaryPorts", "FirebotProxy.SecondaryPorts\FirebotProxy.SecondaryPorts.csproj", "{427BCDAB-D9CC-42F2-8424-07624D21859B}"
EndProject
Project("{FAE04EC0-301F-11D3-BF4B-00C04F79EFBC}") = "FirebotProxy.Infrastructure", "FirebotProxy.Infrastructure\FirebotProxy.Infrastructure.csproj", "{3E1DFD9B-23E1-425F-85F9-5D97D72FF222}"
EndProject
Project("{FAE04EC0-301F-11D3-BF4B-00C04F79EFBC}") = "FirebotProxy.Helpers", "FirebotProxy.Helpers\FirebotProxy.Helpers.csproj", "{8266D8D9-94CE-4081-86B3-84ADDB9437EB}"
EndProject
Project("{FAE04EC0-301F-11D3-BF4B-00C04F79EFBC}") = "FirebotProxy.BackgroundWorker", "FirebotProxy.BackgroundWorker\FirebotProxy.BackgroundWorker.csproj", "{6D0E2246-B474-4A3B-885A-06899BA99DBC}"
EndProject
Project("{FAE04EC0-301F-11D3-BF4B-00C04F79EFBC}") = "FirebotProxy.Data.Entities", "FirebotProxy.Data.Entities\FirebotProxy.Data.Entities.csproj", "{61D25FB3-57B0-4A96-9658-43E623A533A0}"
EndProject
Project("{FAE04EC0-301F-11D3-BF4B-00C04F79EFBC}") = "FirebotProxy.Data.Access", "FirebotProxy.Data.Access\FirebotProxy.Data.Access.csproj", "{A0C6BAFD-2093-424A-8F1B-4658223966DA}"
EndProject
Project("{2150E333-8FDC-42A3-9474-1A3956D46DE8}") = "Tests", "Tests", "{961FF514-4792-46A9-B02E-15E178C3CEDB}"
EndProject
Project("{FAE04EC0-301F-11D3-BF4B-00C04F79EFBC}") = "FirebotProxy.Domain.Tests", "FirebotProxy.Domain.Tests\FirebotProxy.Domain.Tests.csproj", "{13D54DD1-7B7E-4EA0-81E4-C6C7E778E467}"
EndProject
Project("{FAE04EC0-301F-11D3-BF4B-00C04F79EFBC}") = "FirebotProxy.Helpers.Tests", "FirebotProxy.Helpers.Tests\FirebotProxy.Helpers.Tests.csproj", "{258D529F-1AC8-43A3-8906-F88B1F0DC3D9}"
EndProject
Project("{FAE04EC0-301F-11D3-BF4B-00C04F79EFBC}") = "FirebotProxy.Infrastructure.Tests", "FirebotProxy.Infrastructure.Tests\FirebotProxy.Infrastructure.Tests.csproj", "{3BA731A3-E847-4DE9-8F66-F048B233917D}"
EndProject
Project("{FAE04EC0-301F-11D3-BF4B-00C04F79EFBC}") = "FirebotProxy.Data.Access.Tests", "FirebotProxy.Data.Access.Tests\FirebotProxy.Data.Access.Tests.csproj", "{DA93F7EC-C080-4AA5-91EE-318EEB070AF4}"
EndProject
Project("{FAE04EC0-301F-11D3-BF4B-00C04F79EFBC}") = "FirebotProxy.TestBase", "FirebotProxy.TestBase\FirebotProxy.TestBase.csproj", "{A5321CCE-9F16-4EA7-ADE1-0BC9409D951F}"
EndProject
Project("{FAE04EC0-301F-11D3-BF4B-00C04F79EFBC}") = "FirebotProxy.Extensions", "FirebotProxy.Extensions\FirebotProxy.Extensions.csproj", "{6EE12EE0-251C-4AF8-B2DD-5DAEBB67BDF8}"
EndProject
Project("{FAE04EC0-301F-11D3-BF4B-00C04F79EFBC}") = "FirebotProxy.Models", "FirebotProxy.Models\FirebotProxy.Models.csproj", "{676CE152-BE87-41A4-81BC-20B7A63D2317}"
EndProject
Project("{FAE04EC0-301F-11D3-BF4B-00C04F79EFBC}") = "FirebotProxy.Seeding", "FirebotProxy.Seeding\FirebotProxy.Seeding.csproj", "{161D5FE1-B353-4C26-88BD-E386CCCFC14F}"
EndProject
Project("{FAE04EC0-301F-11D3-BF4B-00C04F79EFBC}") = "FirebotProxy.Validation", "FirebotProxy.Validation\FirebotProxy.Validation.csproj", "{95AE1DD8-1395-4107-BA62-08A23D22B60B}"
EndProject
Project("{FAE04EC0-301F-11D3-BF4B-00C04F79EFBC}") = "FirebotProxy.Extensions.Tests", "FirebotProxy.Extensions.Tests\FirebotProxy.Extensions.Tests.csproj", "{C4DE6E64-A6C9-4448-A547-699A546180AD}"
EndProject
Global
	GlobalSection(SolutionConfigurationPlatforms) = preSolution
		Debug|Any CPU = Debug|Any CPU
		Release|Any CPU = Release|Any CPU
	EndGlobalSection
	GlobalSection(ProjectConfigurationPlatforms) = postSolution
		{E8AD81CE-F9E3-4F33-AF7C-1C89676DFB97}.Debug|Any CPU.ActiveCfg = Debug|Any CPU
		{E8AD81CE-F9E3-4F33-AF7C-1C89676DFB97}.Debug|Any CPU.Build.0 = Debug|Any CPU
		{E8AD81CE-F9E3-4F33-AF7C-1C89676DFB97}.Release|Any CPU.ActiveCfg = Release|Any CPU
		{E8AD81CE-F9E3-4F33-AF7C-1C89676DFB97}.Release|Any CPU.Build.0 = Release|Any CPU
		{85581C06-F37B-4F12-B789-A1B37D8B1585}.Debug|Any CPU.ActiveCfg = Debug|Any CPU
		{85581C06-F37B-4F12-B789-A1B37D8B1585}.Debug|Any CPU.Build.0 = Debug|Any CPU
		{85581C06-F37B-4F12-B789-A1B37D8B1585}.Release|Any CPU.ActiveCfg = Release|Any CPU
		{85581C06-F37B-4F12-B789-A1B37D8B1585}.Release|Any CPU.Build.0 = Release|Any CPU
		{427BCDAB-D9CC-42F2-8424-07624D21859B}.Debug|Any CPU.ActiveCfg = Debug|Any CPU
		{427BCDAB-D9CC-42F2-8424-07624D21859B}.Debug|Any CPU.Build.0 = Debug|Any CPU
		{427BCDAB-D9CC-42F2-8424-07624D21859B}.Release|Any CPU.ActiveCfg = Release|Any CPU
		{427BCDAB-D9CC-42F2-8424-07624D21859B}.Release|Any CPU.Build.0 = Release|Any CPU
		{3E1DFD9B-23E1-425F-85F9-5D97D72FF222}.Debug|Any CPU.ActiveCfg = Debug|Any CPU
		{3E1DFD9B-23E1-425F-85F9-5D97D72FF222}.Debug|Any CPU.Build.0 = Debug|Any CPU
		{3E1DFD9B-23E1-425F-85F9-5D97D72FF222}.Release|Any CPU.ActiveCfg = Release|Any CPU
		{3E1DFD9B-23E1-425F-85F9-5D97D72FF222}.Release|Any CPU.Build.0 = Release|Any CPU
		{8266D8D9-94CE-4081-86B3-84ADDB9437EB}.Debug|Any CPU.ActiveCfg = Debug|Any CPU
		{8266D8D9-94CE-4081-86B3-84ADDB9437EB}.Debug|Any CPU.Build.0 = Debug|Any CPU
		{8266D8D9-94CE-4081-86B3-84ADDB9437EB}.Release|Any CPU.ActiveCfg = Release|Any CPU
		{8266D8D9-94CE-4081-86B3-84ADDB9437EB}.Release|Any CPU.Build.0 = Release|Any CPU
		{6D0E2246-B474-4A3B-885A-06899BA99DBC}.Debug|Any CPU.ActiveCfg = Debug|Any CPU
		{6D0E2246-B474-4A3B-885A-06899BA99DBC}.Debug|Any CPU.Build.0 = Debug|Any CPU
		{6D0E2246-B474-4A3B-885A-06899BA99DBC}.Release|Any CPU.ActiveCfg = Release|Any CPU
		{6D0E2246-B474-4A3B-885A-06899BA99DBC}.Release|Any CPU.Build.0 = Release|Any CPU
		{61D25FB3-57B0-4A96-9658-43E623A533A0}.Debug|Any CPU.ActiveCfg = Debug|Any CPU
		{61D25FB3-57B0-4A96-9658-43E623A533A0}.Debug|Any CPU.Build.0 = Debug|Any CPU
		{61D25FB3-57B0-4A96-9658-43E623A533A0}.Release|Any CPU.ActiveCfg = Release|Any CPU
		{61D25FB3-57B0-4A96-9658-43E623A533A0}.Release|Any CPU.Build.0 = Release|Any CPU
		{A0C6BAFD-2093-424A-8F1B-4658223966DA}.Debug|Any CPU.ActiveCfg = Debug|Any CPU
		{A0C6BAFD-2093-424A-8F1B-4658223966DA}.Debug|Any CPU.Build.0 = Debug|Any CPU
		{A0C6BAFD-2093-424A-8F1B-4658223966DA}.Release|Any CPU.ActiveCfg = Release|Any CPU
		{A0C6BAFD-2093-424A-8F1B-4658223966DA}.Release|Any CPU.Build.0 = Release|Any CPU
		{13D54DD1-7B7E-4EA0-81E4-C6C7E778E467}.Debug|Any CPU.ActiveCfg = Debug|Any CPU
		{13D54DD1-7B7E-4EA0-81E4-C6C7E778E467}.Debug|Any CPU.Build.0 = Debug|Any CPU
		{13D54DD1-7B7E-4EA0-81E4-C6C7E778E467}.Release|Any CPU.ActiveCfg = Release|Any CPU
		{13D54DD1-7B7E-4EA0-81E4-C6C7E778E467}.Release|Any CPU.Build.0 = Release|Any CPU
		{258D529F-1AC8-43A3-8906-F88B1F0DC3D9}.Debug|Any CPU.ActiveCfg = Debug|Any CPU
		{258D529F-1AC8-43A3-8906-F88B1F0DC3D9}.Debug|Any CPU.Build.0 = Debug|Any CPU
		{258D529F-1AC8-43A3-8906-F88B1F0DC3D9}.Release|Any CPU.ActiveCfg = Release|Any CPU
		{258D529F-1AC8-43A3-8906-F88B1F0DC3D9}.Release|Any CPU.Build.0 = Release|Any CPU
		{3BA731A3-E847-4DE9-8F66-F048B233917D}.Debug|Any CPU.ActiveCfg = Debug|Any CPU
		{3BA731A3-E847-4DE9-8F66-F048B233917D}.Debug|Any CPU.Build.0 = Debug|Any CPU
		{3BA731A3-E847-4DE9-8F66-F048B233917D}.Release|Any CPU.ActiveCfg = Release|Any CPU
		{3BA731A3-E847-4DE9-8F66-F048B233917D}.Release|Any CPU.Build.0 = Release|Any CPU
		{DA93F7EC-C080-4AA5-91EE-318EEB070AF4}.Debug|Any CPU.ActiveCfg = Debug|Any CPU
		{DA93F7EC-C080-4AA5-91EE-318EEB070AF4}.Debug|Any CPU.Build.0 = Debug|Any CPU
		{DA93F7EC-C080-4AA5-91EE-318EEB070AF4}.Release|Any CPU.ActiveCfg = Release|Any CPU
		{DA93F7EC-C080-4AA5-91EE-318EEB070AF4}.Release|Any CPU.Build.0 = Release|Any CPU
		{A5321CCE-9F16-4EA7-ADE1-0BC9409D951F}.Debug|Any CPU.ActiveCfg = Debug|Any CPU
		{A5321CCE-9F16-4EA7-ADE1-0BC9409D951F}.Debug|Any CPU.Build.0 = Debug|Any CPU
		{A5321CCE-9F16-4EA7-ADE1-0BC9409D951F}.Release|Any CPU.ActiveCfg = Release|Any CPU
		{A5321CCE-9F16-4EA7-ADE1-0BC9409D951F}.Release|Any CPU.Build.0 = Release|Any CPU
		{6EE12EE0-251C-4AF8-B2DD-5DAEBB67BDF8}.Debug|Any CPU.ActiveCfg = Debug|Any CPU
		{6EE12EE0-251C-4AF8-B2DD-5DAEBB67BDF8}.Debug|Any CPU.Build.0 = Debug|Any CPU
		{6EE12EE0-251C-4AF8-B2DD-5DAEBB67BDF8}.Release|Any CPU.ActiveCfg = Release|Any CPU
		{6EE12EE0-251C-4AF8-B2DD-5DAEBB67BDF8}.Release|Any CPU.Build.0 = Release|Any CPU
		{676CE152-BE87-41A4-81BC-20B7A63D2317}.Debug|Any CPU.ActiveCfg = Debug|Any CPU
		{676CE152-BE87-41A4-81BC-20B7A63D2317}.Debug|Any CPU.Build.0 = Debug|Any CPU
		{676CE152-BE87-41A4-81BC-20B7A63D2317}.Release|Any CPU.ActiveCfg = Release|Any CPU
		{676CE152-BE87-41A4-81BC-20B7A63D2317}.Release|Any CPU.Build.0 = Release|Any CPU
		{161D5FE1-B353-4C26-88BD-E386CCCFC14F}.Debug|Any CPU.ActiveCfg = Debug|Any CPU
		{161D5FE1-B353-4C26-88BD-E386CCCFC14F}.Debug|Any CPU.Build.0 = Debug|Any CPU
		{161D5FE1-B353-4C26-88BD-E386CCCFC14F}.Release|Any CPU.ActiveCfg = Release|Any CPU
		{161D5FE1-B353-4C26-88BD-E386CCCFC14F}.Release|Any CPU.Build.0 = Release|Any CPU
		{95AE1DD8-1395-4107-BA62-08A23D22B60B}.Debug|Any CPU.ActiveCfg = Debug|Any CPU
		{95AE1DD8-1395-4107-BA62-08A23D22B60B}.Debug|Any CPU.Build.0 = Debug|Any CPU
		{95AE1DD8-1395-4107-BA62-08A23D22B60B}.Release|Any CPU.ActiveCfg = Release|Any CPU
		{95AE1DD8-1395-4107-BA62-08A23D22B60B}.Release|Any CPU.Build.0 = Release|Any CPU
		{C4DE6E64-A6C9-4448-A547-699A546180AD}.Debug|Any CPU.ActiveCfg = Debug|Any CPU
		{C4DE6E64-A6C9-4448-A547-699A546180AD}.Debug|Any CPU.Build.0 = Debug|Any CPU
		{C4DE6E64-A6C9-4448-A547-699A546180AD}.Release|Any CPU.ActiveCfg = Release|Any CPU
		{C4DE6E64-A6C9-4448-A547-699A546180AD}.Release|Any CPU.Build.0 = Release|Any CPU
	EndGlobalSection
	GlobalSection(NestedProjects) = preSolution
		{13D54DD1-7B7E-4EA0-81E4-C6C7E778E467} = {961FF514-4792-46A9-B02E-15E178C3CEDB}
		{258D529F-1AC8-43A3-8906-F88B1F0DC3D9} = {961FF514-4792-46A9-B02E-15E178C3CEDB}
		{3BA731A3-E847-4DE9-8F66-F048B233917D} = {961FF514-4792-46A9-B02E-15E178C3CEDB}
		{DA93F7EC-C080-4AA5-91EE-318EEB070AF4} = {961FF514-4792-46A9-B02E-15E178C3CEDB}
		{A5321CCE-9F16-4EA7-ADE1-0BC9409D951F} = {961FF514-4792-46A9-B02E-15E178C3CEDB}
		{C4DE6E64-A6C9-4448-A547-699A546180AD} = {961FF514-4792-46A9-B02E-15E178C3CEDB}
	EndGlobalSection
EndGlobal
